
Microsoft Visual Studio Solution File, Format Version 12.00
Project("{FAE04EC0-301F-11D3-BF4B-00C04F79EFBC}") = "Complete_CSharp_Masterclass.DatatypesAndVariables", "Complete_CSharp_Masterclass.DatatypesAndVariables\Complete_CSharp_Masterclass.DatatypesAndVariables.csproj", "{F541AAE9-3B58-4FE2-8870-CF20CD33ECD6}"
EndProject
Project("{FAE04EC0-301F-11D3-BF4B-00C04F79EFBC}") = "FunctionsAndMethods", "FunctionsAndMethods\FunctionsAndMethods.csproj", "{2916A71F-B977-4A4D-811E-56B10E0EE62A}"
EndProject
Project("{FAE04EC0-301F-11D3-BF4B-00C04F79EFBC}") = "ReturnValueAndParameters", "ReturnValueAndParameters\ReturnValueAndParameters.csproj", "{5EE1773E-051C-4FB4-B779-47EB2F005720}"
EndProject
Project("{FAE04EC0-301F-11D3-BF4B-00C04F79EFBC}") = "MethodChallenge", "MethodChallenge\MethodChallenge.csproj", "{81364F87-9127-49E9-8A9D-F903B2AC6496}"
EndProject
Project("{FAE04EC0-301F-11D3-BF4B-00C04F79EFBC}") = "UserInput", "UserInput\UserInput.csproj", "{CF061B57-F19A-451E-890B-FB55DDAF249B}"
EndProject
Project("{FAE04EC0-301F-11D3-BF4B-00C04F79EFBC}") = "TryAndCatch", "TryAndCatch\TryAndCatch.csproj", "{B9532F92-4013-48B8-A626-6A0AB31018EB}"
EndProject
Project("{FAE04EC0-301F-11D3-BF4B-00C04F79EFBC}") = "Operators", "Operators\Operators.csproj", "{3D999567-D389-454A-9704-FC129EEADBE8}"
EndProject
Project("{FAE04EC0-301F-11D3-BF4B-00C04F79EFBC}") = "IfStatements", "IfStatements\IfStatements.csproj", "{C98C80A5-0A32-460E-AFA4-ADCE87EF93AD}"
EndProject
Project("{FAE04EC0-301F-11D3-BF4B-00C04F79EFBC}") = "IntroToTryParse", "IntroToTryParse\IntroToTryParse.csproj", "{3F0E7F93-085D-4576-827F-1675518D82FB}"
EndProject
Project("{FAE04EC0-301F-11D3-BF4B-00C04F79EFBC}") = "IfAndElseIfAndTryParse", "IfAndElseIfAndTryParse\IfAndElseIfAndTryParse.csproj", "{5307343B-B0C5-44A0-A5CA-1F5BB04F2E88}"
EndProject
Project("{FAE04EC0-301F-11D3-BF4B-00C04F79EFBC}") = "NestedIfStatement", "NestedIfStatement\NestedIfStatement.csproj", "{FE983289-E783-4BD6-8E20-8EDBF6E16B39}"
Project("{2150E333-8FDC-42A3-9474-1A3956D46DE8}") = "Methods", "Methods", "{EFC4A2FE-527B-4E81-A525-DD029F5CDFCF}"
EndProject
Project("{2150E333-8FDC-42A3-9474-1A3956D46DE8}") = "DataTypes", "DataTypes", "{F84F4331-391A-4504-B16E-4CE7045A2125}"
EndProject
Project("{2150E333-8FDC-42A3-9474-1A3956D46DE8}") = "MakingDecisions", "MakingDecisions", "{EC9C3085-A93E-4A52-9643-58D2446A3CBF}"
EndProject
Project("{FAE04EC0-301F-11D3-BF4B-00C04F79EFBC}") = "IntroToTryParse", "IntroToTryParse\IntroToTryParse.csproj", "{BB2358F9-2554-4402-83F4-CD9AB7BC5484}"
EndProject
Global
	GlobalSection(SolutionConfigurationPlatforms) = preSolution
		Debug|Any CPU = Debug|Any CPU
		Release|Any CPU = Release|Any CPU
	EndGlobalSection
	GlobalSection(ProjectConfigurationPlatforms) = postSolution
		{F541AAE9-3B58-4FE2-8870-CF20CD33ECD6}.Debug|Any CPU.ActiveCfg = Debug|Any CPU
		{F541AAE9-3B58-4FE2-8870-CF20CD33ECD6}.Debug|Any CPU.Build.0 = Debug|Any CPU
		{F541AAE9-3B58-4FE2-8870-CF20CD33ECD6}.Release|Any CPU.ActiveCfg = Release|Any CPU
		{F541AAE9-3B58-4FE2-8870-CF20CD33ECD6}.Release|Any CPU.Build.0 = Release|Any CPU
		{2916A71F-B977-4A4D-811E-56B10E0EE62A}.Debug|Any CPU.ActiveCfg = Debug|Any CPU
		{2916A71F-B977-4A4D-811E-56B10E0EE62A}.Debug|Any CPU.Build.0 = Debug|Any CPU
		{2916A71F-B977-4A4D-811E-56B10E0EE62A}.Release|Any CPU.ActiveCfg = Release|Any CPU
		{2916A71F-B977-4A4D-811E-56B10E0EE62A}.Release|Any CPU.Build.0 = Release|Any CPU
		{5EE1773E-051C-4FB4-B779-47EB2F005720}.Debug|Any CPU.ActiveCfg = Debug|Any CPU
		{5EE1773E-051C-4FB4-B779-47EB2F005720}.Debug|Any CPU.Build.0 = Debug|Any CPU
		{5EE1773E-051C-4FB4-B779-47EB2F005720}.Release|Any CPU.ActiveCfg = Release|Any CPU
		{5EE1773E-051C-4FB4-B779-47EB2F005720}.Release|Any CPU.Build.0 = Release|Any CPU
		{81364F87-9127-49E9-8A9D-F903B2AC6496}.Debug|Any CPU.ActiveCfg = Debug|Any CPU
		{81364F87-9127-49E9-8A9D-F903B2AC6496}.Debug|Any CPU.Build.0 = Debug|Any CPU
		{81364F87-9127-49E9-8A9D-F903B2AC6496}.Release|Any CPU.ActiveCfg = Release|Any CPU
		{81364F87-9127-49E9-8A9D-F903B2AC6496}.Release|Any CPU.Build.0 = Release|Any CPU
		{CF061B57-F19A-451E-890B-FB55DDAF249B}.Debug|Any CPU.ActiveCfg = Debug|Any CPU
		{CF061B57-F19A-451E-890B-FB55DDAF249B}.Debug|Any CPU.Build.0 = Debug|Any CPU
		{CF061B57-F19A-451E-890B-FB55DDAF249B}.Release|Any CPU.ActiveCfg = Release|Any CPU
		{CF061B57-F19A-451E-890B-FB55DDAF249B}.Release|Any CPU.Build.0 = Release|Any CPU
		{B9532F92-4013-48B8-A626-6A0AB31018EB}.Debug|Any CPU.ActiveCfg = Debug|Any CPU
		{B9532F92-4013-48B8-A626-6A0AB31018EB}.Debug|Any CPU.Build.0 = Debug|Any CPU
		{B9532F92-4013-48B8-A626-6A0AB31018EB}.Release|Any CPU.ActiveCfg = Release|Any CPU
		{B9532F92-4013-48B8-A626-6A0AB31018EB}.Release|Any CPU.Build.0 = Release|Any CPU
		{3D999567-D389-454A-9704-FC129EEADBE8}.Debug|Any CPU.ActiveCfg = Debug|Any CPU
		{3D999567-D389-454A-9704-FC129EEADBE8}.Debug|Any CPU.Build.0 = Debug|Any CPU
		{3D999567-D389-454A-9704-FC129EEADBE8}.Release|Any CPU.ActiveCfg = Release|Any CPU
		{3D999567-D389-454A-9704-FC129EEADBE8}.Release|Any CPU.Build.0 = Release|Any CPU

		{C98C80A5-0A32-460E-AFA4-ADCE87EF93AD}.Debug|Any CPU.ActiveCfg = Debug|Any CPU
		{C98C80A5-0A32-460E-AFA4-ADCE87EF93AD}.Debug|Any CPU.Build.0 = Debug|Any CPU
		{C98C80A5-0A32-460E-AFA4-ADCE87EF93AD}.Release|Any CPU.ActiveCfg = Release|Any CPU
		{C98C80A5-0A32-460E-AFA4-ADCE87EF93AD}.Release|Any CPU.Build.0 = Release|Any CPU
		{3F0E7F93-085D-4576-827F-1675518D82FB}.Debug|Any CPU.ActiveCfg = Debug|Any CPU
		{3F0E7F93-085D-4576-827F-1675518D82FB}.Debug|Any CPU.Build.0 = Debug|Any CPU
		{3F0E7F93-085D-4576-827F-1675518D82FB}.Release|Any CPU.ActiveCfg = Release|Any CPU
		{3F0E7F93-085D-4576-827F-1675518D82FB}.Release|Any CPU.Build.0 = Release|Any CPU
		{5307343B-B0C5-44A0-A5CA-1F5BB04F2E88}.Debug|Any CPU.ActiveCfg = Debug|Any CPU
		{5307343B-B0C5-44A0-A5CA-1F5BB04F2E88}.Debug|Any CPU.Build.0 = Debug|Any CPU
		{5307343B-B0C5-44A0-A5CA-1F5BB04F2E88}.Release|Any CPU.ActiveCfg = Release|Any CPU
		{5307343B-B0C5-44A0-A5CA-1F5BB04F2E88}.Release|Any CPU.Build.0 = Release|Any CPU
		{FE983289-E783-4BD6-8E20-8EDBF6E16B39}.Debug|Any CPU.ActiveCfg = Debug|Any CPU
		{FE983289-E783-4BD6-8E20-8EDBF6E16B39}.Debug|Any CPU.Build.0 = Debug|Any CPU
		{FE983289-E783-4BD6-8E20-8EDBF6E16B39}.Release|Any CPU.ActiveCfg = Release|Any CPU
		{FE983289-E783-4BD6-8E20-8EDBF6E16B39}.Release|Any CPU.Build.0 = Release|Any CPU

		{BB2358F9-2554-4402-83F4-CD9AB7BC5484}.Debug|Any CPU.ActiveCfg = Debug|Any CPU
		{BB2358F9-2554-4402-83F4-CD9AB7BC5484}.Debug|Any CPU.Build.0 = Debug|Any CPU
		{BB2358F9-2554-4402-83F4-CD9AB7BC5484}.Release|Any CPU.ActiveCfg = Release|Any CPU
		{BB2358F9-2554-4402-83F4-CD9AB7BC5484}.Release|Any CPU.Build.0 = Release|Any CPU
	EndGlobalSection
	GlobalSection(NestedProjects) = preSolution
		{2916A71F-B977-4A4D-811E-56B10E0EE62A} = {EFC4A2FE-527B-4E81-A525-DD029F5CDFCF}
		{81364F87-9127-49E9-8A9D-F903B2AC6496} = {EFC4A2FE-527B-4E81-A525-DD029F5CDFCF}
		{3D999567-D389-454A-9704-FC129EEADBE8} = {EFC4A2FE-527B-4E81-A525-DD029F5CDFCF}
		{5EE1773E-051C-4FB4-B779-47EB2F005720} = {EFC4A2FE-527B-4E81-A525-DD029F5CDFCF}
		{B9532F92-4013-48B8-A626-6A0AB31018EB} = {EFC4A2FE-527B-4E81-A525-DD029F5CDFCF}
		{CF061B57-F19A-451E-890B-FB55DDAF249B} = {EFC4A2FE-527B-4E81-A525-DD029F5CDFCF}
		{F541AAE9-3B58-4FE2-8870-CF20CD33ECD6} = {F84F4331-391A-4504-B16E-4CE7045A2125}
		{BB2358F9-2554-4402-83F4-CD9AB7BC5484} = {EC9C3085-A93E-4A52-9643-58D2446A3CBF}

	EndGlobalSection
EndGlobal
